
Microsoft Visual Studio Solution File, Format Version 12.00
# Visual Studio Version 17
Project("{8BC9CEB8-8B4A-11D0-8D11-00A0C91BC942}") = "ALL_BUILD", "ALL_BUILD.vcxproj", "{E0E0E477-FFF6-3D75-993C-9968433C6404}"
	ProjectSection(ProjectDependencies) = postProject
		{75E6D6A4-6932-358F-ACC8-F8A1D3976E6A} = {75E6D6A4-6932-358F-ACC8-F8A1D3976E6A}
		{5EE88269-AC06-3E87-BDAF-4416745CCA7B} = {5EE88269-AC06-3E87-BDAF-4416745CCA7B}
	EndProjectSection
EndProject
Project("{8BC9CEB8-8B4A-11D0-8D11-00A0C91BC942}") = "ZERO_CHECK", "ZERO_CHECK.vcxproj", "{75E6D6A4-6932-358F-ACC8-F8A1D3976E6A}"
	ProjectSection(ProjectDependencies) = postProject
	EndProjectSection
EndProject
Project("{8BC9CEB8-8B4A-11D0-8D11-00A0C91BC942}") = "openann", "openann.vcxproj", "{5EE88269-AC06-3E87-BDAF-4416745CCA7B}"
	ProjectSection(ProjectDependencies) = postProject
		{75E6D6A4-6932-358F-ACC8-F8A1D3976E6A} = {75E6D6A4-6932-358F-ACC8-F8A1D3976E6A}
	EndProjectSection
EndProject
Global
	GlobalSection(SolutionConfigurationPlatforms) = preSolution
		Debug|x64 = Debug|x64
		Release|x64 = Release|x64
		MinSizeRel|x64 = MinSizeRel|x64
		RelWithDebInfo|x64 = RelWithDebInfo|x64
	EndGlobalSection
	GlobalSection(ProjectConfigurationPlatforms) = postSolution
		{E0E0E477-FFF6-3D75-993C-9968433C6404}.Debug|x64.ActiveCfg = Debug|x64
		{E0E0E477-FFF6-3D75-993C-9968433C6404}.Release|x64.ActiveCfg = Release|x64
		{E0E0E477-FFF6-3D75-993C-9968433C6404}.MinSizeRel|x64.ActiveCfg = MinSizeRel|x64
		{E0E0E477-FFF6-3D75-993C-9968433C6404}.RelWithDebInfo|x64.ActiveCfg = RelWithDebInfo|x64
		{75E6D6A4-6932-358F-ACC8-F8A1D3976E6A}.Debug|x64.ActiveCfg = Debug|x64
		{75E6D6A4-6932-358F-ACC8-F8A1D3976E6A}.Debug|x64.Build.0 = Debug|x64
		{75E6D6A4-6932-358F-ACC8-F8A1D3976E6A}.Release|x64.ActiveCfg = Release|x64
		{75E6D6A4-6932-358F-ACC8-F8A1D3976E6A}.Release|x64.Build.0 = Release|x64
		{75E6D6A4-6932-358F-ACC8-F8A1D3976E6A}.MinSizeRel|x64.ActiveCfg = MinSizeRel|x64
		{75E6D6A4-6932-358F-ACC8-F8A1D3976E6A}.MinSizeRel|x64.Build.0 = MinSizeRel|x64
		{75E6D6A4-6932-358F-ACC8-F8A1D3976E6A}.RelWithDebInfo|x64.ActiveCfg = RelWithDebInfo|x64
		{75E6D6A4-6932-358F-ACC8-F8A1D3976E6A}.RelWithDebInfo|x64.Build.0 = RelWithDebInfo|x64
		{5EE88269-AC06-3E87-BDAF-4416745CCA7B}.Debug|x64.ActiveCfg = Debug|x64
		{5EE88269-AC06-3E87-BDAF-4416745CCA7B}.Debug|x64.Build.0 = Debug|x64
		{5EE88269-AC06-3E87-BDAF-4416745CCA7B}.Release|x64.ActiveCfg = Release|x64
		{5EE88269-AC06-3E87-BDAF-4416745CCA7B}.Release|x64.Build.0 = Release|x64
		{5EE88269-AC06-3E87-BDAF-4416745CCA7B}.MinSizeRel|x64.ActiveCfg = MinSizeRel|x64
		{5EE88269-AC06-3E87-BDAF-4416745CCA7B}.MinSizeRel|x64.Build.0 = MinSizeRel|x64
		{5EE88269-AC06-3E87-BDAF-4416745CCA7B}.RelWithDebInfo|x64.ActiveCfg = RelWithDebInfo|x64
		{5EE88269-AC06-3E87-BDAF-4416745CCA7B}.RelWithDebInfo|x64.Build.0 = RelWithDebInfo|x64
	EndGlobalSection
	GlobalSection(ExtensibilityGlobals) = postSolution
		SolutionGuid = {201181BC-283B-3829-BB1B-846BC65DECA8}
	EndGlobalSection
	GlobalSection(ExtensibilityAddIns) = postSolution
	EndGlobalSection
EndGlobal
